
Microsoft Visual Studio Solution File, Format Version 12.00
# Visual Studio Version 17
VisualStudioVersion = 17.3.32825.248
MinimumVisualStudioVersion = 10.0.40219.1
Project("{FAE04EC0-301F-11D3-BF4B-00C04F79EFBC}") = "PlanApp", "PlanApp.csproj", "{9C6B6A62-EB88-41C6-B218-4D55F50BF725}"
EndProject
Global
	GlobalSection(SolutionConfigurationPlatforms) = preSolution
		Debug|Any CPU = Debug|Any CPU
		Release|Any CPU = Release|Any CPU
	EndGlobalSection
	GlobalSection(ProjectConfigurationPlatforms) = postSolution
		{9C6B6A62-EB88-41C6-B218-4D55F50BF725}.Debug|Any CPU.ActiveCfg = Debug|Any CPU
		{9C6B6A62-EB88-41C6-B218-4D55F50BF725}.Debug|Any CPU.Build.0 = Debug|Any CPU
		{9C6B6A62-EB88-41C6-B218-4D55F50BF725}.Release|Any CPU.ActiveCfg = Release|Any CPU
		{9C6B6A62-EB88-41C6-B218-4D55F50BF725}.Release|Any CPU.Build.0 = Release|Any CPU
	EndGlobalSection
	GlobalSection(SolutionProperties) = preSolution
		HideSolutionNode = FALSE
	EndGlobalSection
	GlobalSection(ExtensibilityGlobals) = postSolution
		SolutionGuid = {CD8B7C26-E666-4FA9-B26C-C2D9EF5F4103}
	EndGlobalSection
EndGlobal
